
Microsoft Visual Studio Solution File, Format Version 12.00
# Visual Studio 15
VisualStudioVersion = 15.0.27428.2002
MinimumVisualStudioVersion = 10.0.40219.1
Project("{FAE04EC0-301F-11D3-BF4B-00C04F79EFBC}") = "Banana", "Banana\Banana.csproj", "{77026CCB-A2AB-4272-9EF6-298204206E99}"
EndProject
Project("{9A19103F-16F7-4668-BE54-9A1E7A4F7556}") = "Mango", "Mango\Mango.csproj", "{248ED1BD-CA22-40DA-BD53-D5173AED68FA}"
EndProject
Global
	GlobalSection(SolutionConfigurationPlatforms) = preSolution
		Debug|Any CPU = Debug|Any CPU
		Release|Any CPU = Release|Any CPU
	EndGlobalSection
	GlobalSection(ProjectConfigurationPlatforms) = postSolution
		{77026CCB-A2AB-4272-9EF6-298204206E99}.Debug|Any CPU.ActiveCfg = Debug|Any CPU
		{77026CCB-A2AB-4272-9EF6-298204206E99}.Debug|Any CPU.Build.0 = Debug|Any CPU
		{77026CCB-A2AB-4272-9EF6-298204206E99}.Release|Any CPU.ActiveCfg = Release|Any CPU
		{77026CCB-A2AB-4272-9EF6-298204206E99}.Release|Any CPU.Build.0 = Release|Any CPU
		{248ED1BD-CA22-40DA-BD53-D5173AED68FA}.Debug|Any CPU.ActiveCfg = Debug|Any CPU
		{248ED1BD-CA22-40DA-BD53-D5173AED68FA}.Debug|Any CPU.Build.0 = Debug|Any CPU
		{248ED1BD-CA22-40DA-BD53-D5173AED68FA}.Release|Any CPU.ActiveCfg = Release|Any CPU
		{248ED1BD-CA22-40DA-BD53-D5173AED68FA}.Release|Any CPU.Build.0 = Release|Any CPU
	EndGlobalSection
	GlobalSection(SolutionProperties) = preSolution
		HideSolutionNode = FALSE
	EndGlobalSection
	GlobalSection(ExtensibilityGlobals) = postSolution
		SolutionGuid = {30598BA5-F081-4B77-88B7-4A248B164F85}
	EndGlobalSection
EndGlobal
